{"1.1.0",
[{<<"brod">>,
  {git,"https://github.com/klarna/brod.git",
       {ref,"dd98fecbf0fe5ac1cf3659ce46fbfef86a23894e"}},
  0},
 {<<"cowboy">>,
  {git,"https://github.com/emqx/cowboy",
       {ref,"3b6bdaf4f2e3c5b793a0c3cada2c3b74c3d5e885"}},
  1},
 {<<"cowlib">>,
  {git,"https://github.com/ninenines/cowlib",
       {ref,"c6553f8308a2ca5dcd69d845f0a7d098c40c3363"}},
  2},
 {<<"crc32cer">>,{pkg,<<"crc32cer">>,<<"0.1.4">>},2},
 {<<"cuttlefish">>,
  {git,"https://github.com/emqx/cuttlefish",
       {ref,"4a33ed37b5c035216bea1ba420e3451dcc67676b"}},
  1},
 {<<"ekka">>,
  {git,"https://github.com/emqx/ekka",
       {ref,"a1676e0274e2bf59612d056ad1db6588372f3716"}},
  1},
 {<<"emqx">>,
  {git,"https://github.com/emqx/emqx",
       {ref,"7b98f62f7acbb000c899ebc64010e784894fc8c1"}},
  0},
 {<<"esockd">>,
  {git,"https://github.com/emqx/esockd",
       {ref,"d9ce4024cc42a65e9a05001997031e743442f955"}},
  1},
 {<<"gen_rpc">>,
  {git,"https://github.com/emqx/gen_rpc",
  1},
 {<<"getopt">>,
  {git,"https://github.com/emqx/getopt.git",
       {ref,"215f2083408e1fe562d441aea6062bf5d9e1fb67"}},
  2},
 {<<"gproc">>,
  {git,"https://github.com/uwiger/gproc",
       {ref,"ce7397809aca0d6eb3aac6db65953752e47fb511"}},
  1},
 {<<"jiffy">>,
  {git,"https://github.com/emqx/jiffy",
       {ref,"baa1f4e750ae3c5c9e54f9c2e52280b7fc24a8d9"}},
  1},
 {<<"jsx">>,
  {git,"https://github.com/talentdeficit/jsx.git",
       {ref,"a45c997cedc3bcc0bb014ac3faa7ec16bcd4f7b1"}},
  0},
 {<<"kafka_protocol">>,{pkg,<<"kafka_protocol">>,<<"2.3.6">>},1},
 {<<"ranch">>,
  {git,"https://github.com/ninenines/ranch",
       {ref,"3190aef88aea04d6dce8545fe9b4574288903f44"}},
  2},
 {<<"snappyer">>,{pkg,<<"snappyer">>,<<"1.2.5">>},2},
 {<<"ssl_verify_fun">>,
  {git,"https://github.com/deadtrickster/ssl_verify_fun.erl.git",
       {ref,"c5718226b0b9f3d1a38ef6ca3c3b4c75f53dda92"}},
  2},
 {<<"supervisor3">>,{pkg,<<"supervisor3">>,<<"1.1.11">>},1}]}.
[
{pkg_hash,[
 {<<"crc32cer">>, <<"A656DFF19474D1A1FC5BB0081610AB6B0695B23AFFC47FA90ABEB079A8EF9752">>},
 {<<"kafka_protocol">>, <<"DF076A8EF49FFFAE3535C805CB00F3A057CE1895E63398BF8A10569EEEAC02F8">>},
 {<<"snappyer">>, <<"9154B9AC84031F0A799F72A4AA87DF23AB2193B5631475FA2CDC304382D2DF77">>},
 {<<"supervisor3">>, <<"D81CDEC31D102FDE407423E1D05B569572850DEEBED86B951D5233C387CBA80B">>}]}
].
